
Microsoft Visual Studio Solution File, Format Version 12.00
# Visual Studio Version 16
VisualStudioVersion = 16.0.31205.134
MinimumVisualStudioVersion = 10.0.40219.1
Project("{FAE04EC0-301F-11D3-BF4B-00C04F79EFBC}") = "Factorial", "Factorial\Factorial.csproj", "{9545BCC4-7E77-4EB6-BB9A-D7C426E71148}"
EndProject
Global
	GlobalSection(SolutionConfigurationPlatforms) = preSolution
		Debug|Any CPU = Debug|Any CPU
		Release|Any CPU = Release|Any CPU
	EndGlobalSection
	GlobalSection(ProjectConfigurationPlatforms) = postSolution
		{9545BCC4-7E77-4EB6-BB9A-D7C426E71148}.Debug|Any CPU.ActiveCfg = Debug|Any CPU
		{9545BCC4-7E77-4EB6-BB9A-D7C426E71148}.Debug|Any CPU.Build.0 = Debug|Any CPU
		{9545BCC4-7E77-4EB6-BB9A-D7C426E71148}.Release|Any CPU.ActiveCfg = Release|Any CPU
		{9545BCC4-7E77-4EB6-BB9A-D7C426E71148}.Release|Any CPU.Build.0 = Release|Any CPU
	EndGlobalSection
	GlobalSection(SolutionProperties) = preSolution
		HideSolutionNode = FALSE
	EndGlobalSection
	GlobalSection(ExtensibilityGlobals) = postSolution
		SolutionGuid = {C8942AF4-BE04-461D-A706-286141129FD2}
	EndGlobalSection
EndGlobal
